# THIS IS AN AUTOGENERATED FILE. DO NOT EDIT THIS FILE DIRECTLY.
# yarn lockfile v1
ramda:
  version "0.22.1"
  resolved "https://registry.yarnpkg.com/ramda/-/ramda-0.22.1.tgz#031da0c3df417c5b33c96234757eb37033f36a0e"

redux-act:
  version "1.1.0"
  resolved "https://registry.yarnpkg.com/redux-act/-/redux-act-1.1.0.tgz#941f6999f73b02d876f26aa0d76b0b61ce3e58bc"

